
Microsoft Visual Studio Solution File, Format Version 12.00
# Visual Studio 2012
Project("{8BC9CEB8-8B4A-11D0-8D11-00A0C91BC942}") = "BFV-SimpleCheat", "BFV-SimpleCheat\BFV-SimpleCheat.vcxproj", "{3D7AAA15-3B89-41C4-9FB8-5583AAD64A46}"
EndProject
Global
	GlobalSection(SolutionConfigurationPlatforms) = preSolution
		Debug|x64 = Debug|x64
		Release|x64 = Release|x64
	EndGlobalSection
	GlobalSection(ProjectConfigurationPlatforms) = postSolution
		{3D7AAA15-3B89-41C4-9FB8-5583AAD64A46}.Debug|x64.ActiveCfg = Release|x64
		{3D7AAA15-3B89-41C4-9FB8-5583AAD64A46}.Debug|x64.Build.0 = Release|x64
		{3D7AAA15-3B89-41C4-9FB8-5583AAD64A46}.Release|x64.ActiveCfg = Release|x64
		{3D7AAA15-3B89-41C4-9FB8-5583AAD64A46}.Release|x64.Build.0 = Release|x64
	EndGlobalSection
	GlobalSection(SolutionProperties) = preSolution
		HideSolutionNode = FALSE
	EndGlobalSection
EndGlobal
